// !$*UTF8*$!
{
	archiveVersion = 1;
	classes = {
	};
	objectVersion = 46;
	objects = {

/* Begin PBXBuildFile section */
		F84D745B140F5CA000D607A5 /* UIKit.framework in Frameworks */ = {isa = PBXBuildFile; fileRef = F84D745A140F5CA000D607A5 /* UIKit.framework */; };
		F84D745D140F5CA000D607A5 /* Foundation.framework in Frameworks */ = {isa = PBXBuildFile; fileRef = F84D745C140F5CA000D607A5 /* Foundation.framework */; };
		F84D74A9140F5DC400D607A5 /* AudioToolbox.framework in Frameworks */ = {isa = PBXBuildFile; fileRef = F84D74A8140F5DC400D607A5 /* AudioToolbox.framework */; };
		F84D74AB140F5DC900D607A5 /* AVFoundation.framework in Frameworks */ = {isa = PBXBuildFile; fileRef = F84D74AA140F5DC900D607A5 /* AVFoundation.framework */; };
		F87D4507175C472D00828DD2 /* libOTOplug.a in Frameworks */ = {isa = PBXBuildFile; fileRef = F87D4502175C471000828DD2 /* libOTOplug.a */; };
		F87D450A175C479A00828DD2 /* AppDelegate.m in Sources */ = {isa = PBXBuildFile; fileRef = F87D4508175C479A00828DD2 /* AppDelegate.m */; };
		F87D450D175C47B700828DD2 /* TestClientViewController.m in Sources */ = {isa = PBXBuildFile; fileRef = F87D450B175C47B700828DD2 /* TestClientViewController.m */; };
		F87D450F175C47BF00828DD2 /* TestClientViewController.xib in Resources */ = {isa = PBXBuildFile; fileRef = F87D450E175C47BF00828DD2 /* TestClientViewController.xib */; };
		F87D4511175C47D600828DD2 /* main.m in Sources */ = {isa = PBXBuildFile; fileRef = F87D4510175C47D600828DD2 /* main.m */; };
		F87D4514175C48A300828DD2 /* InfoPlist.strings in Resources */ = {isa = PBXBuildFile; fileRef = F87D4512175C48A300828DD2 /* InfoPlist.strings */; };
		F87D4516175C48C200828DD2 /* Default-568h@2x.png in Resources */ = {isa = PBXBuildFile; fileRef = F87D4515175C48C200828DD2 /* Default-568h@2x.png */; };
/* End PBXBuildFile section */

/* Begin PBXContainerItemProxy section */
		F87D4501175C471000828DD2 /* PBXContainerItemProxy */ = {
			isa = PBXContainerItemProxy;
			containerPortal = F87D44FC175C471000828DD2 /* OTOplug.xcodeproj */;
			proxyType = 2;
			remoteGlobalIDString = F8B086E8140C93D8001632F1;
			remoteInfo = OTOplug;
		};
		F87D4503175C471000828DD2 /* PBXContainerItemProxy */ = {
			isa = PBXContainerItemProxy;
			containerPortal = F87D44FC175C471000828DD2 /* OTOplug.xcodeproj */;
			proxyType = 2;
			remoteGlobalIDString = F84D7387140F11F700D607A5;
			remoteInfo = OTOplugLogicTests;
		};
		F87D4505175C472800828DD2 /* PBXContainerItemProxy */ = {
			isa = PBXContainerItemProxy;
			containerPortal = F87D44FC175C471000828DD2 /* OTOplug.xcodeproj */;
			proxyType = 1;
			remoteGlobalIDString = F8B086E7140C93D8001632F1;
			remoteInfo = OTOplug;
		};
/* End PBXContainerItemProxy section */

/* Begin PBXFileReference section */
		F84D7456140F5CA000D607A5 /* TestClient.app */ = {isa = PBXFileReference; explicitFileType = wrapper.application; includeInIndex = 0; path = TestClient.app; sourceTree = BUILT_PRODUCTS_DIR; };
		F84D745A140F5CA000D607A5 /* UIKit.framework */ = {isa = PBXFileReference; lastKnownFileType = wrapper.framework; name = UIKit.framework; path = System/Library/Frameworks/UIKit.framework; sourceTree = SDKROOT; };
		F84D745C140F5CA000D607A5 /* Foundation.framework */ = {isa = PBXFileReference; lastKnownFileType = wrapper.framework; name = Foundation.framework; path = System/Library/Frameworks/Foundation.framework; sourceTree = SDKROOT; };
		F84D7460140F5CA000D607A5 /* TestClient-Info.plist */ = {isa = PBXFileReference; lastKnownFileType = text.plist.xml; path = "TestClient-Info.plist"; sourceTree = "<group>"; };
		F84D7466140F5CA000D607A5 /* TestClient-Prefix.pch */ = {isa = PBXFileReference; lastKnownFileType = sourcecode.c.h; path = "TestClient-Prefix.pch"; sourceTree = "<group>"; };
		F84D74A8140F5DC400D607A5 /* AudioToolbox.framework */ = {isa = PBXFileReference; lastKnownFileType = wrapper.framework; name = AudioToolbox.framework; path = System/Library/Frameworks/AudioToolbox.framework; sourceTree = SDKROOT; };
		F84D74AA140F5DC900D607A5 /* AVFoundation.framework */ = {isa = PBXFileReference; lastKnownFileType = wrapper.framework; name = AVFoundation.framework; path = System/Library/Frameworks/AVFoundation.framework; sourceTree = SDKROOT; };
		F87D44FC175C471000828DD2 /* OTOplug.xcodeproj */ = {isa = PBXFileReference; lastKnownFileType = "wrapper.pb-project"; name = OTOplug.xcodeproj; path = ../OTOplug/OTOplug.xcodeproj; sourceTree = "<group>"; };
		F87D4508175C479A00828DD2 /* AppDelegate.m */ = {isa = PBXFileReference; fileEncoding = 4; lastKnownFileType = sourcecode.c.objc; path = AppDelegate.m; sourceTree = SOURCE_ROOT; };
		F87D4509175C479A00828DD2 /* AppDelegate.h */ = {isa = PBXFileReference; fileEncoding = 4; lastKnownFileType = sourcecode.c.h; path = AppDelegate.h; sourceTree = SOURCE_ROOT; };
		F87D450B175C47B700828DD2 /* TestClientViewController.m */ = {isa = PBXFileReference; fileEncoding = 4; lastKnownFileType = sourcecode.c.objc; path = TestClientViewController.m; sourceTree = SOURCE_ROOT; };
		F87D450C175C47B700828DD2 /* TestClientViewController.h */ = {isa = PBXFileReference; fileEncoding = 4; lastKnownFileType = sourcecode.c.h; path = TestClientViewController.h; sourceTree = SOURCE_ROOT; };
		F87D450E175C47BF00828DD2 /* TestClientViewController.xib */ = {isa = PBXFileReference; fileEncoding = 4; lastKnownFileType = file.xib; path = TestClientViewController.xib; sourceTree = SOURCE_ROOT; };
		F87D4510175C47D600828DD2 /* main.m */ = {isa = PBXFileReference; fileEncoding = 4; lastKnownFileType = sourcecode.c.objc; path = main.m; sourceTree = SOURCE_ROOT; };
		F87D4513175C48A300828DD2 /* en */ = {isa = PBXFileReference; lastKnownFileType = text.plist.strings; name = en; path = en.lproj/InfoPlist.strings; sourceTree = SOURCE_ROOT; };
		F87D4515175C48C200828DD2 /* Default-568h@2x.png */ = {isa = PBXFileReference; lastKnownFileType = image.png; path = "Default-568h@2x.png"; sourceTree = SOURCE_ROOT; };
/* End PBXFileReference section */

/* Begin PBXFrameworksBuildPhase section */
		F84D7453140F5CA000D607A5 /* Frameworks */ = {
			isa = PBXFrameworksBuildPhase;
			buildActionMask = 2147483647;
			files = (
				F87D4507175C472D00828DD2 /* libOTOplug.a in Frameworks */,
				F84D74AB140F5DC900D607A5 /* AVFoundation.framework in Frameworks */,
				F84D74A9140F5DC400D607A5 /* AudioToolbox.framework in Frameworks */,
				F84D745B140F5CA000D607A5 /* UIKit.framework in Frameworks */,
				F84D745D140F5CA000D607A5 /* Foundation.framework in Frameworks */,
			);
			runOnlyForDeploymentPostprocessing = 0;
		};
/* End PBXFrameworksBuildPhase section */

/* Begin PBXGroup section */
		F84D744B140F5CA000D607A5 = {
			isa = PBXGroup;
			children = (
				F87D44FC175C471000828DD2 /* OTOplug.xcodeproj */,
				F84D745E140F5CA000D607A5 /* TestClient */,
				F84D7459140F5CA000D607A5 /* Frameworks */,
				F84D7457140F5CA000D607A5 /* Products */,
			);
			sourceTree = "<group>";
		};
		F84D7457140F5CA000D607A5 /* Products */ = {
			isa = PBXGroup;
			children = (
				F84D7456140F5CA000D607A5 /* TestClient.app */,
			);
			name = Products;
			sourceTree = "<group>";
		};
		F84D7459140F5CA000D607A5 /* Frameworks */ = {
			isa = PBXGroup;
			children = (
				F84D74AA140F5DC900D607A5 /* AVFoundation.framework */,
				F84D74A8140F5DC400D607A5 /* AudioToolbox.framework */,
				F84D745A140F5CA000D607A5 /* UIKit.framework */,
				F84D745C140F5CA000D607A5 /* Foundation.framework */,
			);
			name = Frameworks;
			sourceTree = "<group>";
		};
		F84D745E140F5CA000D607A5 /* TestClient */ = {
			isa = PBXGroup;
			children = (
				F87D450E175C47BF00828DD2 /* TestClientViewController.xib */,
				F87D450B175C47B700828DD2 /* TestClientViewController.m */,
				F87D450C175C47B700828DD2 /* TestClientViewController.h */,
				F87D4508175C479A00828DD2 /* AppDelegate.m */,
				F87D4509175C479A00828DD2 /* AppDelegate.h */,
				F84D745F140F5CA000D607A5 /* Supporting Files */,
			);
			path = TestClient;
			sourceTree = "<group>";
		};
		F84D745F140F5CA000D607A5 /* Supporting Files */ = {
			isa = PBXGroup;
			children = (
				F87D4515175C48C200828DD2 /* Default-568h@2x.png */,
				F87D4512175C48A300828DD2 /* InfoPlist.strings */,
				F87D4510175C47D600828DD2 /* main.m */,
				F84D7460140F5CA000D607A5 /* TestClient-Info.plist */,
				F84D7466140F5CA000D607A5 /* TestClient-Prefix.pch */,
			);
			name = "Supporting Files";
			sourceTree = "<group>";
		};
		F87D44FD175C471000828DD2 /* Products */ = {
			isa = PBXGroup;
			children = (
				F87D4502175C471000828DD2 /* libOTOplug.a */,
				F87D4504175C471000828DD2 /* OTOplugLogicTests.octest */,
			);
			name = Products;
			sourceTree = "<group>";
		};
/* End PBXGroup section */

/* Begin PBXNativeTarget section */
		F84D7455140F5CA000D607A5 /* TestClient */ = {
			isa = PBXNativeTarget;
			buildConfigurationList = F84D7472140F5CA000D607A5 /* Build configuration list for PBXNativeTarget "TestClient" */;
			buildPhases = (
				F84D7452140F5CA000D607A5 /* Sources */,
				F84D7453140F5CA000D607A5 /* Frameworks */,
				F84D7454140F5CA000D607A5 /* Resources */,
			);
			buildRules = (
			);
			dependencies = (
				F87D4506175C472800828DD2 /* PBXTargetDependency */,
			);
			name = TestClient;
			productName = TestClient;
			productReference = F84D7456140F5CA000D607A5 /* TestClient.app */;
			productType = "com.apple.product-type.application";
		};
/* End PBXNativeTarget section */

/* Begin PBXProject section */
		F84D744D140F5CA000D607A5 /* Project object */ = {
			isa = PBXProject;
			attributes = {
				LastUpgradeCheck = 0430;
			};
			buildConfigurationList = F84D7450140F5CA000D607A5 /* Build configuration list for PBXProject "TestClient" */;
			compatibilityVersion = "Xcode 3.2";
			developmentRegion = English;
			hasScannedForEncodings = 0;
			knownRegions = (
				en,
			);
			mainGroup = F84D744B140F5CA000D607A5;
			productRefGroup = F84D7457140F5CA000D607A5 /* Products */;
			projectDirPath = "";
			projectReferences = (
				{
					ProductGroup = F87D44FD175C471000828DD2 /* Products */;
					ProjectRef = F87D44FC175C471000828DD2 /* OTOplug.xcodeproj */;
				},
			);
			projectRoot = "";
			targets = (
				F84D7455140F5CA000D607A5 /* TestClient */,
			);
		};
/* End PBXProject section */

/* Begin PBXReferenceProxy section */
		F87D4502175C471000828DD2 /* libOTOplug.a */ = {
			isa = PBXReferenceProxy;
			fileType = archive.ar;
			path = libOTOplug.a;
			remoteRef = F87D4501175C471000828DD2 /* PBXContainerItemProxy */;
			sourceTree = BUILT_PRODUCTS_DIR;
		};
		F87D4504175C471000828DD2 /* OTOplugLogicTests.octest */ = {
			isa = PBXReferenceProxy;
			fileType = wrapper.cfbundle;
			path = OTOplugLogicTests.octest;
			remoteRef = F87D4503175C471000828DD2 /* PBXContainerItemProxy */;
			sourceTree = BUILT_PRODUCTS_DIR;
		};
/* End PBXReferenceProxy section */

/* Begin PBXResourcesBuildPhase section */
		F84D7454140F5CA000D607A5 /* Resources */ = {
			isa = PBXResourcesBuildPhase;
			buildActionMask = 2147483647;
			files = (
				F87D450F175C47BF00828DD2 /* TestClientViewController.xib in Resources */,
				F87D4514175C48A300828DD2 /* InfoPlist.strings in Resources */,
				F87D4516175C48C200828DD2 /* Default-568h@2x.png in Resources */,
			);
			runOnlyForDeploymentPostprocessing = 0;
		};
/* End PBXResourcesBuildPhase section */

/* Begin PBXSourcesBuildPhase section */
		F84D7452140F5CA000D607A5 /* Sources */ = {
			isa = PBXSourcesBuildPhase;
			buildActionMask = 2147483647;
			files = (
				F87D450A175C479A00828DD2 /* AppDelegate.m in Sources */,
				F87D450D175C47B700828DD2 /* TestClientViewController.m in Sources */,
				F87D4511175C47D600828DD2 /* main.m in Sources */,
			);
			runOnlyForDeploymentPostprocessing = 0;
		};
/* End PBXSourcesBuildPhase section */

/* Begin PBXTargetDependency section */
		F87D4506175C472800828DD2 /* PBXTargetDependency */ = {
			isa = PBXTargetDependency;
			name = OTOplug;
			targetProxy = F87D4505175C472800828DD2 /* PBXContainerItemProxy */;
		};
/* End PBXTargetDependency section */

/* Begin PBXVariantGroup section */
		F87D4512175C48A300828DD2 /* InfoPlist.strings */ = {
			isa = PBXVariantGroup;
			children = (
				F87D4513175C48A300828DD2 /* en */,
			);
			name = InfoPlist.strings;
			sourceTree = "<group>";
		};
/* End PBXVariantGroup section */

/* Begin XCBuildConfiguration section */
		F84D7470140F5CA000D607A5 /* Debug */ = {
			isa = XCBuildConfiguration;
			buildSettings = {
				ALWAYS_SEARCH_USER_PATHS = NO;
				ARCHS = "$(ARCHS_STANDARD_32_BIT)";
				CLANG_ENABLE_OBJC_ARC = YES;
				"CODE_SIGN_IDENTITY[sdk=iphoneos*]" = "iPhone Developer";
				COPY_PHASE_STRIP = NO;
				GCC_C_LANGUAGE_STANDARD = gnu99;
				GCC_DYNAMIC_NO_PIC = NO;
				GCC_OPTIMIZATION_LEVEL = 0;
				GCC_PREPROCESSOR_DEFINITIONS = (
					"DEBUG=1",
					"$(inherited)",
				);
				GCC_SYMBOLS_PRIVATE_EXTERN = NO;
				GCC_VERSION = "";
				GCC_WARN_ABOUT_MISSING_PROTOTYPES = YES;
				GCC_WARN_ABOUT_RETURN_TYPE = YES;
				GCC_WARN_UNUSED_VARIABLE = YES;
				IPHONEOS_DEPLOYMENT_TARGET = 4.0;
				SDKROOT = iphoneos;
				USER_HEADER_SEARCH_PATHS = "../OTOplug/**";
			};
			name = Debug;
		};
		F84D7471140F5CA000D607A5 /* Release */ = {
			isa = XCBuildConfiguration;
			buildSettings = {
				ALWAYS_SEARCH_USER_PATHS = NO;
				ARCHS = "$(ARCHS_STANDARD_32_BIT)";
				CLANG_ENABLE_OBJC_ARC = YES;
				"CODE_SIGN_IDENTITY[sdk=iphoneos*]" = "iPhone Developer";
				COPY_PHASE_STRIP = YES;
				GCC_C_LANGUAGE_STANDARD = gnu99;
				GCC_VERSION = "";
				GCC_WARN_ABOUT_MISSING_PROTOTYPES = YES;
				GCC_WARN_ABOUT_RETURN_TYPE = YES;
				GCC_WARN_UNUSED_VARIABLE = YES;
				IPHONEOS_DEPLOYMENT_TARGET = 4.0;
				OTHER_CFLAGS = "-DNS_BLOCK_ASSERTIONS=1";
				SDKROOT = iphoneos;
				USER_HEADER_SEARCH_PATHS = "../OTOplug/**";
				VALIDATE_PRODUCT = YES;
			};
			name = Release;
		};
		F84D7473140F5CA000D607A5 /* Debug */ = {
			isa = XCBuildConfiguration;
			buildSettings = {
				GCC_PRECOMPILE_PREFIX_HEADER = YES;
				GCC_PREFIX_HEADER = "TestClient-Prefix.pch";
				INFOPLIST_FILE = "./TestClient-Info.plist";
				PRODUCT_NAME = "$(TARGET_NAME)";
				WRAPPER_EXTENSION = app;
			};
			name = Debug;
		};
		F84D7474140F5CA000D607A5 /* Release */ = {
			isa = XCBuildConfiguration;
			buildSettings = {
				GCC_PRECOMPILE_PREFIX_HEADER = YES;
				GCC_PREFIX_HEADER = "TestClient-Prefix.pch";
				INFOPLIST_FILE = "./TestClient-Info.plist";
				PRODUCT_NAME = "$(TARGET_NAME)";
				WRAPPER_EXTENSION = app;
			};
			name = Release;
		};
/* End XCBuildConfiguration section */

/* Begin XCConfigurationList section */
		F84D7450140F5CA000D607A5 /* Build configuration list for PBXProject "TestClient" */ = {
			isa = XCConfigurationList;
			buildConfigurations = (
				F84D7470140F5CA000D607A5 /* Debug */,
				F84D7471140F5CA000D607A5 /* Release */,
			);
			defaultConfigurationIsVisible = 0;
			defaultConfigurationName = Release;
		};
		F84D7472140F5CA000D607A5 /* Build configuration list for PBXNativeTarget "TestClient" */ = {
			isa = XCConfigurationList;
			buildConfigurations = (
				F84D7473140F5CA000D607A5 /* Debug */,
				F84D7474140F5CA000D607A5 /* Release */,
			);
			defaultConfigurationIsVisible = 0;
			defaultConfigurationName = Release;
		};
/* End XCConfigurationList section */
	};
	rootObject = F84D744D140F5CA000D607A5 /* Project object */;
}
