// !$*UTF8*$!
{
	archiveVersion = 1;
	classes = {
	};
	objectVersion = 46;
	objects = {

/* Begin PBXBuildFile section */
		DD71ADBC139B524300CCDC0A /* libSoftwareModem.a in Frameworks */ = {isa = PBXBuildFile; fileRef = DD71ADBB139B524300CCDC0A /* libSoftwareModem.a */; };
		DD71B539139B726F00CCDC0A /* MainWindow.xib in Resources */ = {isa = PBXBuildFile; fileRef = DD71B538139B726F00CCDC0A /* MainWindow.xib */; };
		DD8200FA139B1ED10022BF1A /* UIKit.framework in Frameworks */ = {isa = PBXBuildFile; fileRef = DD8200F9139B1ED10022BF1A /* UIKit.framework */; };
		DD8200FC139B1ED10022BF1A /* Foundation.framework in Frameworks */ = {isa = PBXBuildFile; fileRef = DD8200FB139B1ED10022BF1A /* Foundation.framework */; };
		DD8200FE139B1ED10022BF1A /* CoreGraphics.framework in Frameworks */ = {isa = PBXBuildFile; fileRef = DD8200FD139B1ED10022BF1A /* CoreGraphics.framework */; };
		DD820107139B1ED10022BF1A /* main.m in Sources */ = {isa = PBXBuildFile; fileRef = DD820106139B1ED10022BF1A /* main.m */; };
		DD82010A139B1ED10022BF1A /* TestClientAppDelegate.m in Sources */ = {isa = PBXBuildFile; fileRef = DD820109139B1ED10022BF1A /* TestClientAppDelegate.m */; };
		DD820110139B1ED10022BF1A /* TestClientViewController.m in Sources */ = {isa = PBXBuildFile; fileRef = DD82010F139B1ED10022BF1A /* TestClientViewController.m */; };
		DD82012F139B1F740022BF1A /* AudioToolbox.framework in Frameworks */ = {isa = PBXBuildFile; fileRef = DD82012E139B1F740022BF1A /* AudioToolbox.framework */; };
		DD820131139B1F7C0022BF1A /* AVFoundation.framework in Frameworks */ = {isa = PBXBuildFile; fileRef = DD820130139B1F7C0022BF1A /* AVFoundation.framework */; };
		DD820136139B213E0022BF1A /* TestClientViewController.xib in Resources */ = {isa = PBXBuildFile; fileRef = DD820137139B213E0022BF1A /* TestClientViewController.xib */; };
/* End PBXBuildFile section */

/* Begin PBXContainerItemProxy section */
		DD820129139B1F480022BF1A /* PBXContainerItemProxy */ = {
			isa = PBXContainerItemProxy;
			containerPortal = DD820121139B1F480022BF1A /* SoftwareModem.xcodeproj */;
			proxyType = 2;
			remoteGlobalIDString = D2AAC07E0554694100DB518D;
			remoteInfo = SoftwareModem;
		};
		DD82012B139B1F480022BF1A /* PBXContainerItemProxy */ = {
			isa = PBXContainerItemProxy;
			containerPortal = DD820121139B1F480022BF1A /* SoftwareModem.xcodeproj */;
			proxyType = 2;
			remoteGlobalIDString = DD1CF8D912B5BB8200E784AE;
			remoteInfo = TestCases;
		};
/* End PBXContainerItemProxy section */

/* Begin PBXFileReference section */
		DD71ADBB139B524300CCDC0A /* libSoftwareModem.a */ = {isa = PBXFileReference; explicitFileType = archive.ar; path = libSoftwareModem.a; sourceTree = BUILT_PRODUCTS_DIR; };
		DD71B538139B726F00CCDC0A /* MainWindow.xib */ = {isa = PBXFileReference; fileEncoding = 4; lastKnownFileType = file.xib; path = MainWindow.xib; sourceTree = "<group>"; };
		DD8200F5139B1ED10022BF1A /* TestClient.app */ = {isa = PBXFileReference; explicitFileType = wrapper.application; includeInIndex = 0; path = TestClient.app; sourceTree = BUILT_PRODUCTS_DIR; };
		DD8200F9139B1ED10022BF1A /* UIKit.framework */ = {isa = PBXFileReference; lastKnownFileType = wrapper.framework; name = UIKit.framework; path = System/Library/Frameworks/UIKit.framework; sourceTree = SDKROOT; };
		DD8200FB139B1ED10022BF1A /* Foundation.framework */ = {isa = PBXFileReference; lastKnownFileType = wrapper.framework; name = Foundation.framework; path = System/Library/Frameworks/Foundation.framework; sourceTree = SDKROOT; };
		DD8200FD139B1ED10022BF1A /* CoreGraphics.framework */ = {isa = PBXFileReference; lastKnownFileType = wrapper.framework; name = CoreGraphics.framework; path = System/Library/Frameworks/CoreGraphics.framework; sourceTree = SDKROOT; };
		DD820101139B1ED10022BF1A /* TestClient-Info.plist */ = {isa = PBXFileReference; lastKnownFileType = text.plist.xml; path = "TestClient-Info.plist"; sourceTree = "<group>"; };
		DD820105139B1ED10022BF1A /* TestClient-Prefix.pch */ = {isa = PBXFileReference; lastKnownFileType = sourcecode.c.h; path = "TestClient-Prefix.pch"; sourceTree = "<group>"; };
		DD820106139B1ED10022BF1A /* main.m */ = {isa = PBXFileReference; lastKnownFileType = sourcecode.c.objc; path = main.m; sourceTree = "<group>"; };
		DD820108139B1ED10022BF1A /* TestClientAppDelegate.h */ = {isa = PBXFileReference; lastKnownFileType = sourcecode.c.h; path = TestClientAppDelegate.h; sourceTree = "<group>"; };
		DD820109139B1ED10022BF1A /* TestClientAppDelegate.m */ = {isa = PBXFileReference; lastKnownFileType = sourcecode.c.objc; path = TestClientAppDelegate.m; sourceTree = "<group>"; };
		DD82010E139B1ED10022BF1A /* TestClientViewController.h */ = {isa = PBXFileReference; lastKnownFileType = sourcecode.c.h; path = TestClientViewController.h; sourceTree = "<group>"; };
		DD82010F139B1ED10022BF1A /* TestClientViewController.m */ = {isa = PBXFileReference; lastKnownFileType = sourcecode.c.objc; path = TestClientViewController.m; sourceTree = "<group>"; };
		DD820121139B1F480022BF1A /* SoftwareModem.xcodeproj */ = {isa = PBXFileReference; lastKnownFileType = "wrapper.pb-project"; name = SoftwareModem.xcodeproj; path = ../SoftwareModem/SoftwareModem.xcodeproj; sourceTree = "<group>"; };
		DD82012E139B1F740022BF1A /* AudioToolbox.framework */ = {isa = PBXFileReference; lastKnownFileType = wrapper.framework; name = AudioToolbox.framework; path = System/Library/Frameworks/AudioToolbox.framework; sourceTree = SDKROOT; };
		DD820130139B1F7C0022BF1A /* AVFoundation.framework */ = {isa = PBXFileReference; lastKnownFileType = wrapper.framework; name = AVFoundation.framework; path = System/Library/Frameworks/AVFoundation.framework; sourceTree = SDKROOT; };
		DD820137139B213E0022BF1A /* TestClientViewController.xib */ = {isa = PBXFileReference; lastKnownFileType = file.xib; path = TestClientViewController.xib; sourceTree = "<group>"; };
/* End PBXFileReference section */

/* Begin PBXFrameworksBuildPhase section */
		DD8200F2139B1ED10022BF1A /* Frameworks */ = {
			isa = PBXFrameworksBuildPhase;
			buildActionMask = 2147483647;
			files = (
				DD71ADBC139B524300CCDC0A /* libSoftwareModem.a in Frameworks */,
				DD820131139B1F7C0022BF1A /* AVFoundation.framework in Frameworks */,
				DD82012F139B1F740022BF1A /* AudioToolbox.framework in Frameworks */,
				DD8200FA139B1ED10022BF1A /* UIKit.framework in Frameworks */,
				DD8200FC139B1ED10022BF1A /* Foundation.framework in Frameworks */,
				DD8200FE139B1ED10022BF1A /* CoreGraphics.framework in Frameworks */,
			);
			runOnlyForDeploymentPostprocessing = 0;
		};
/* End PBXFrameworksBuildPhase section */

/* Begin PBXGroup section */
		DD8200EA139B1ED10022BF1A = {
			isa = PBXGroup;
			children = (
				DD820121139B1F480022BF1A /* SoftwareModem.xcodeproj */,
				DD8200FF139B1ED10022BF1A /* TestClient */,
				DD8200F8139B1ED10022BF1A /* Frameworks */,
				DD8200F6139B1ED10022BF1A /* Products */,
			);
			sourceTree = "<group>";
		};
		DD8200F6139B1ED10022BF1A /* Products */ = {
			isa = PBXGroup;
			children = (
				DD8200F5139B1ED10022BF1A /* TestClient.app */,
			);
			name = Products;
			sourceTree = "<group>";
		};
		DD8200F8139B1ED10022BF1A /* Frameworks */ = {
			isa = PBXGroup;
			children = (
				DD71ADBB139B524300CCDC0A /* libSoftwareModem.a */,
				DD820130139B1F7C0022BF1A /* AVFoundation.framework */,
				DD82012E139B1F740022BF1A /* AudioToolbox.framework */,
				DD8200F9139B1ED10022BF1A /* UIKit.framework */,
				DD8200FB139B1ED10022BF1A /* Foundation.framework */,
				DD8200FD139B1ED10022BF1A /* CoreGraphics.framework */,
			);
			name = Frameworks;
			sourceTree = "<group>";
		};
		DD8200FF139B1ED10022BF1A /* TestClient */ = {
			isa = PBXGroup;
			children = (
				DD820108139B1ED10022BF1A /* TestClientAppDelegate.h */,
				DD820109139B1ED10022BF1A /* TestClientAppDelegate.m */,
				DD82010E139B1ED10022BF1A /* TestClientViewController.h */,
				DD82010F139B1ED10022BF1A /* TestClientViewController.m */,
				DD820137139B213E0022BF1A /* TestClientViewController.xib */,
				DD820100139B1ED10022BF1A /* Supporting Files */,
				DD71B538139B726F00CCDC0A /* MainWindow.xib */,
			);
			path = TestClient;
			sourceTree = "<group>";
		};
		DD820100139B1ED10022BF1A /* Supporting Files */ = {
			isa = PBXGroup;
			children = (
				DD820101139B1ED10022BF1A /* TestClient-Info.plist */,
				DD820105139B1ED10022BF1A /* TestClient-Prefix.pch */,
				DD820106139B1ED10022BF1A /* main.m */,
			);
			name = "Supporting Files";
			sourceTree = "<group>";
		};
		DD820122139B1F480022BF1A /* Products */ = {
			isa = PBXGroup;
			children = (
				DD82012A139B1F480022BF1A /* libSoftwareModem.a */,
				DD82012C139B1F480022BF1A /* TestCases.app */,
			);
			name = Products;
			sourceTree = "<group>";
		};
/* End PBXGroup section */

/* Begin PBXNativeTarget section */
		DD8200F4139B1ED10022BF1A /* TestClient */ = {
			isa = PBXNativeTarget;
			buildConfigurationList = DD820116139B1ED10022BF1A /* Build configuration list for PBXNativeTarget "TestClient" */;
			buildPhases = (
				DD8200F1139B1ED10022BF1A /* Sources */,
				DD8200F2139B1ED10022BF1A /* Frameworks */,
				DD8200F3139B1ED10022BF1A /* Resources */,
			);
			buildRules = (
			);
			dependencies = (
			);
			name = TestClient;
			productName = TestClient;
			productReference = DD8200F5139B1ED10022BF1A /* TestClient.app */;
			productType = "com.apple.product-type.application";
		};
/* End PBXNativeTarget section */

/* Begin PBXProject section */
		DD8200EC139B1ED10022BF1A /* Project object */ = {
			isa = PBXProject;
			buildConfigurationList = DD8200EF139B1ED10022BF1A /* Build configuration list for PBXProject "TestClient" */;
			compatibilityVersion = "Xcode 3.2";
			developmentRegion = English;
			hasScannedForEncodings = 0;
			knownRegions = (
				en,
			);
			mainGroup = DD8200EA139B1ED10022BF1A;
			productRefGroup = DD8200F6139B1ED10022BF1A /* Products */;
			projectDirPath = "";
			projectReferences = (
				{
					ProductGroup = DD820122139B1F480022BF1A /* Products */;
					ProjectRef = DD820121139B1F480022BF1A /* SoftwareModem.xcodeproj */;
				},
			);
			projectRoot = "";
			targets = (
				DD8200F4139B1ED10022BF1A /* TestClient */,
			);
		};
/* End PBXProject section */

/* Begin PBXReferenceProxy section */
		DD82012A139B1F480022BF1A /* libSoftwareModem.a */ = {
			isa = PBXReferenceProxy;
			fileType = archive.ar;
			path = libSoftwareModem.a;
			remoteRef = DD820129139B1F480022BF1A /* PBXContainerItemProxy */;
			sourceTree = BUILT_PRODUCTS_DIR;
		};
		DD82012C139B1F480022BF1A /* TestCases.app */ = {
			isa = PBXReferenceProxy;
			fileType = wrapper.application;
			path = TestCases.app;
			remoteRef = DD82012B139B1F480022BF1A /* PBXContainerItemProxy */;
			sourceTree = BUILT_PRODUCTS_DIR;
		};
/* End PBXReferenceProxy section */

/* Begin PBXResourcesBuildPhase section */
		DD8200F3139B1ED10022BF1A /* Resources */ = {
			isa = PBXResourcesBuildPhase;
			buildActionMask = 2147483647;
			files = (
				DD820136139B213E0022BF1A /* TestClientViewController.xib in Resources */,
				DD71B539139B726F00CCDC0A /* MainWindow.xib in Resources */,
			);
			runOnlyForDeploymentPostprocessing = 0;
		};
/* End PBXResourcesBuildPhase section */

/* Begin PBXSourcesBuildPhase section */
		DD8200F1139B1ED10022BF1A /* Sources */ = {
			isa = PBXSourcesBuildPhase;
			buildActionMask = 2147483647;
			files = (
				DD820107139B1ED10022BF1A /* main.m in Sources */,
				DD82010A139B1ED10022BF1A /* TestClientAppDelegate.m in Sources */,
				DD820110139B1ED10022BF1A /* TestClientViewController.m in Sources */,
			);
			runOnlyForDeploymentPostprocessing = 0;
		};
/* End PBXSourcesBuildPhase section */

/* Begin XCBuildConfiguration section */
		DD820114139B1ED10022BF1A /* Debug */ = {
			isa = XCBuildConfiguration;
			buildSettings = {
				ARCHS = "$(ARCHS_STANDARD_32_BIT)";
				CODE_SIGN_IDENTITY = "iPhone Developer";
				"CODE_SIGN_IDENTITY[sdk=iphoneos*]" = "iPhone Developer";
				GCC_C_LANGUAGE_STANDARD = "compiler-default";
				GCC_OPTIMIZATION_LEVEL = 0;
				GCC_PREPROCESSOR_DEFINITIONS = DEBUG;
				GCC_SYMBOLS_PRIVATE_EXTERN = NO;
				GCC_VERSION = com.apple.compilers.llvm.clang.1_0;
				GCC_WARN_ABOUT_RETURN_TYPE = YES;
				GCC_WARN_UNUSED_VARIABLE = YES;
				IPHONEOS_DEPLOYMENT_TARGET = 4.0;
				PROVISIONING_PROFILE = "";
				SDKROOT = iphoneos;
				USER_HEADER_SEARCH_PATHS = "../SoftwareModem/**";
			};
			name = Debug;
		};
		DD820115139B1ED10022BF1A /* Release */ = {
			isa = XCBuildConfiguration;
			buildSettings = {
				ARCHS = "$(ARCHS_STANDARD_32_BIT)";
				CODE_SIGN_IDENTITY = "iPhone Developer";
				"CODE_SIGN_IDENTITY[sdk=iphoneos*]" = "iPhone Developer";
				GCC_C_LANGUAGE_STANDARD = "compiler-default";
				GCC_VERSION = com.apple.compilers.llvm.clang.1_0;
				GCC_WARN_ABOUT_RETURN_TYPE = YES;
				GCC_WARN_UNUSED_VARIABLE = YES;
				IPHONEOS_DEPLOYMENT_TARGET = 4.0;
				OTHER_CFLAGS = "-DNS_BLOCK_ASSERTIONS=1";
				PROVISIONING_PROFILE = "";
				SDKROOT = iphoneos;
				USER_HEADER_SEARCH_PATHS = "../SoftwareModem/**";
			};
			name = Release;
		};
		DD820117139B1ED10022BF1A /* Debug */ = {
			isa = XCBuildConfiguration;
			buildSettings = {
				ALWAYS_SEARCH_USER_PATHS = NO;
				COPY_PHASE_STRIP = NO;
				GCC_DYNAMIC_NO_PIC = NO;
				GCC_PRECOMPILE_PREFIX_HEADER = YES;
				GCC_PREFIX_HEADER = "TestClient/TestClient-Prefix.pch";
				INFOPLIST_FILE = "TestClient/TestClient-Info.plist";
				LIBRARY_SEARCH_PATHS = (
					"$(inherited)",
					"\"$(SRCROOT)\"",
					"\"$(SRCROOT)/../SoftwareModem/build/Debug-iphoneos\"",
					"\"$(SRCROOT)/../SoftwareModem/build/Debug-iphonesimulator\"",
					"\"$(SRCROOT)/../SoftwareModem/build/Release-iphoneos\"",
					"\"$(SRCROOT)/../SoftwareModem/build/SoftwareModem.build/Debug-iphoneos/SoftwareModem.build/Objects-normal/armv6\"",
					"\"$(SRCROOT)/../SoftwareModem/build/SoftwareModem.build/Debug-iphoneos/SoftwareModem.build/Objects-normal/armv7\"",
					"\"$(SRCROOT)/../SoftwareModem/build/SoftwareModem.build/Release-iphoneos/SoftwareModem.build/Objects-normal/armv6\"",
					"\"$(SRCROOT)/../SoftwareModem/build/SoftwareModem.build/Release-iphoneos/SoftwareModem.build/Objects-normal/armv7\"",
				);
				PRODUCT_NAME = "$(TARGET_NAME)";
				WRAPPER_EXTENSION = app;
			};
			name = Debug;
		};
		DD820118139B1ED10022BF1A /* Release */ = {
			isa = XCBuildConfiguration;
			buildSettings = {
				ALWAYS_SEARCH_USER_PATHS = NO;
				COPY_PHASE_STRIP = YES;
				GCC_PRECOMPILE_PREFIX_HEADER = YES;
				GCC_PREFIX_HEADER = "TestClient/TestClient-Prefix.pch";
				INFOPLIST_FILE = "TestClient/TestClient-Info.plist";
				LIBRARY_SEARCH_PATHS = (
					"$(inherited)",
					"\"$(SRCROOT)\"",
					"\"$(SRCROOT)/../SoftwareModem/build/Debug-iphoneos\"",
					"\"$(SRCROOT)/../SoftwareModem/build/Debug-iphonesimulator\"",
					"\"$(SRCROOT)/../SoftwareModem/build/Release-iphoneos\"",
					"\"$(SRCROOT)/../SoftwareModem/build/SoftwareModem.build/Debug-iphoneos/SoftwareModem.build/Objects-normal/armv6\"",
					"\"$(SRCROOT)/../SoftwareModem/build/SoftwareModem.build/Debug-iphoneos/SoftwareModem.build/Objects-normal/armv7\"",
					"\"$(SRCROOT)/../SoftwareModem/build/SoftwareModem.build/Release-iphoneos/SoftwareModem.build/Objects-normal/armv6\"",
					"\"$(SRCROOT)/../SoftwareModem/build/SoftwareModem.build/Release-iphoneos/SoftwareModem.build/Objects-normal/armv7\"",
				);
				PRODUCT_NAME = "$(TARGET_NAME)";
				VALIDATE_PRODUCT = YES;
				WRAPPER_EXTENSION = app;
			};
			name = Release;
		};
/* End XCBuildConfiguration section */

/* Begin XCConfigurationList section */
		DD8200EF139B1ED10022BF1A /* Build configuration list for PBXProject "TestClient" */ = {
			isa = XCConfigurationList;
			buildConfigurations = (
				DD820114139B1ED10022BF1A /* Debug */,
				DD820115139B1ED10022BF1A /* Release */,
			);
			defaultConfigurationIsVisible = 0;
			defaultConfigurationName = Release;
		};
		DD820116139B1ED10022BF1A /* Build configuration list for PBXNativeTarget "TestClient" */ = {
			isa = XCConfigurationList;
			buildConfigurations = (
				DD820117139B1ED10022BF1A /* Debug */,
				DD820118139B1ED10022BF1A /* Release */,
			);
			defaultConfigurationIsVisible = 0;
			defaultConfigurationName = Release;
		};
/* End XCConfigurationList section */
	};
	rootObject = DD8200EC139B1ED10022BF1A /* Project object */;
}
