// !$*UTF8*$!
{
	archiveVersion = 1;
	classes = {
	};
	objectVersion = 46;
	objects = {

/* Begin PBXBuildFile section */
		F86F85521557E51D001D8E89 /* UIKit.framework in Frameworks */ = {isa = PBXBuildFile; fileRef = F86F85511557E51D001D8E89 /* UIKit.framework */; };
		F86F85541557E51D001D8E89 /* Foundation.framework in Frameworks */ = {isa = PBXBuildFile; fileRef = F86F85531557E51D001D8E89 /* Foundation.framework */; };
		F86F85561557E51D001D8E89 /* CoreGraphics.framework in Frameworks */ = {isa = PBXBuildFile; fileRef = F86F85551557E51D001D8E89 /* CoreGraphics.framework */; };
		F86F855C1557E51D001D8E89 /* InfoPlist.strings in Resources */ = {isa = PBXBuildFile; fileRef = F86F855A1557E51D001D8E89 /* InfoPlist.strings */; };
		F86F855E1557E51D001D8E89 /* main.m in Sources */ = {isa = PBXBuildFile; fileRef = F86F855D1557E51D001D8E89 /* main.m */; };
		F86F85621557E51D001D8E89 /* AppDelegate.m in Sources */ = {isa = PBXBuildFile; fileRef = F86F85611557E51D001D8E89 /* AppDelegate.m */; };
		F86F85651557E51D001D8E89 /* MainStoryboard.storyboard in Resources */ = {isa = PBXBuildFile; fileRef = F86F85631557E51D001D8E89 /* MainStoryboard.storyboard */; };
		F86F85681557E51D001D8E89 /* ViewController.m in Sources */ = {isa = PBXBuildFile; fileRef = F86F85671557E51D001D8E89 /* ViewController.m */; };
		F86F857F1557EB6D001D8E89 /* blueball_icon.png in Resources */ = {isa = PBXBuildFile; fileRef = F86F857B1557EB6D001D8E89 /* blueball_icon.png */; };
		F86F85801557EB6D001D8E89 /* connected_icon.png in Resources */ = {isa = PBXBuildFile; fileRef = F86F857C1557EB6D001D8E89 /* connected_icon.png */; };
		F86F85811557EB6D001D8E89 /* disconnected_icon.png in Resources */ = {isa = PBXBuildFile; fileRef = F86F857D1557EB6D001D8E89 /* disconnected_icon.png */; };
		F86F85821557EB6D001D8E89 /* redball_icon.png in Resources */ = {isa = PBXBuildFile; fileRef = F86F857E1557EB6D001D8E89 /* redball_icon.png */; };
		F86F85881557EC3D001D8E89 /* blueball_icon@2x.png in Resources */ = {isa = PBXBuildFile; fileRef = F86F85841557EC3C001D8E89 /* blueball_icon@2x.png */; };
		F86F85891557EC3D001D8E89 /* connected_icon@2x.png in Resources */ = {isa = PBXBuildFile; fileRef = F86F85851557EC3C001D8E89 /* connected_icon@2x.png */; };
		F86F858A1557EC3D001D8E89 /* disconnected_icon@2x.png in Resources */ = {isa = PBXBuildFile; fileRef = F86F85861557EC3D001D8E89 /* disconnected_icon@2x.png */; };
		F86F858B1557EC3D001D8E89 /* redball_icon@2x.png in Resources */ = {isa = PBXBuildFile; fileRef = F86F85871557EC3D001D8E89 /* redball_icon@2x.png */; };
		F86F85A51558A3DE001D8E89 /* AVFoundation.framework in Frameworks */ = {isa = PBXBuildFile; fileRef = F86F85A41558A3DE001D8E89 /* AVFoundation.framework */; };
		F86F85A61558A3F3001D8E89 /* libOTOplug.a in Frameworks */ = {isa = PBXBuildFile; fileRef = F86F85A01558A3AD001D8E89 /* libOTOplug.a */; };
		F86F85AD1558B95F001D8E89 /* AudioToolbox.framework in Frameworks */ = {isa = PBXBuildFile; fileRef = F86F85AC1558B95F001D8E89 /* AudioToolbox.framework */; };
/* End PBXBuildFile section */

/* Begin PBXContainerItemProxy section */
		F86F859F1558A3AD001D8E89 /* PBXContainerItemProxy */ = {
			isa = PBXContainerItemProxy;
			containerPortal = F86F85971558A3AD001D8E89 /* OTOplug.xcodeproj */;
			proxyType = 2;
			remoteGlobalIDString = F8B086E8140C93D8001632F1;
			remoteInfo = OTOplug;
		};
		F86F85A11558A3AD001D8E89 /* PBXContainerItemProxy */ = {
			isa = PBXContainerItemProxy;
			containerPortal = F86F85971558A3AD001D8E89 /* OTOplug.xcodeproj */;
			proxyType = 2;
			remoteGlobalIDString = F84D7387140F11F700D607A5;
			remoteInfo = OTOplugLogicTests;
		};
/* End PBXContainerItemProxy section */

/* Begin PBXFileReference section */
		F86F854D1557E51D001D8E89 /* OTOswitch.app */ = {isa = PBXFileReference; explicitFileType = wrapper.application; includeInIndex = 0; path = OTOswitch.app; sourceTree = BUILT_PRODUCTS_DIR; };
		F86F85511557E51D001D8E89 /* UIKit.framework */ = {isa = PBXFileReference; lastKnownFileType = wrapper.framework; name = UIKit.framework; path = System/Library/Frameworks/UIKit.framework; sourceTree = SDKROOT; };
		F86F85531557E51D001D8E89 /* Foundation.framework */ = {isa = PBXFileReference; lastKnownFileType = wrapper.framework; name = Foundation.framework; path = System/Library/Frameworks/Foundation.framework; sourceTree = SDKROOT; };
		F86F85551557E51D001D8E89 /* CoreGraphics.framework */ = {isa = PBXFileReference; lastKnownFileType = wrapper.framework; name = CoreGraphics.framework; path = System/Library/Frameworks/CoreGraphics.framework; sourceTree = SDKROOT; };
		F86F85591557E51D001D8E89 /* OTOswitch-Info.plist */ = {isa = PBXFileReference; lastKnownFileType = text.plist.xml; path = "OTOswitch-Info.plist"; sourceTree = "<group>"; };
		F86F855B1557E51D001D8E89 /* en */ = {isa = PBXFileReference; lastKnownFileType = text.plist.strings; name = en; path = en.lproj/InfoPlist.strings; sourceTree = "<group>"; };
		F86F855D1557E51D001D8E89 /* main.m */ = {isa = PBXFileReference; lastKnownFileType = sourcecode.c.objc; path = main.m; sourceTree = "<group>"; };
		F86F855F1557E51D001D8E89 /* OTOswitch-Prefix.pch */ = {isa = PBXFileReference; lastKnownFileType = sourcecode.c.h; path = "OTOswitch-Prefix.pch"; sourceTree = "<group>"; };
		F86F85601557E51D001D8E89 /* AppDelegate.h */ = {isa = PBXFileReference; lastKnownFileType = sourcecode.c.h; path = AppDelegate.h; sourceTree = "<group>"; };
		F86F85611557E51D001D8E89 /* AppDelegate.m */ = {isa = PBXFileReference; lastKnownFileType = sourcecode.c.objc; path = AppDelegate.m; sourceTree = "<group>"; };
		F86F85641557E51D001D8E89 /* en */ = {isa = PBXFileReference; lastKnownFileType = file.storyboard; name = en; path = en.lproj/MainStoryboard.storyboard; sourceTree = "<group>"; };
		F86F85661557E51D001D8E89 /* ViewController.h */ = {isa = PBXFileReference; lastKnownFileType = sourcecode.c.h; path = ViewController.h; sourceTree = "<group>"; };
		F86F85671557E51D001D8E89 /* ViewController.m */ = {isa = PBXFileReference; lastKnownFileType = sourcecode.c.objc; path = ViewController.m; sourceTree = "<group>"; };
		F86F857B1557EB6D001D8E89 /* blueball_icon.png */ = {isa = PBXFileReference; lastKnownFileType = image.png; path = blueball_icon.png; sourceTree = "<group>"; };
		F86F857C1557EB6D001D8E89 /* connected_icon.png */ = {isa = PBXFileReference; lastKnownFileType = image.png; path = connected_icon.png; sourceTree = "<group>"; };
		F86F857D1557EB6D001D8E89 /* disconnected_icon.png */ = {isa = PBXFileReference; lastKnownFileType = image.png; path = disconnected_icon.png; sourceTree = "<group>"; };
		F86F857E1557EB6D001D8E89 /* redball_icon.png */ = {isa = PBXFileReference; lastKnownFileType = image.png; path = redball_icon.png; sourceTree = "<group>"; };
		F86F85841557EC3C001D8E89 /* blueball_icon@2x.png */ = {isa = PBXFileReference; lastKnownFileType = image.png; path = "blueball_icon@2x.png"; sourceTree = "<group>"; };
		F86F85851557EC3C001D8E89 /* connected_icon@2x.png */ = {isa = PBXFileReference; lastKnownFileType = image.png; path = "connected_icon@2x.png"; sourceTree = "<group>"; };
		F86F85861557EC3D001D8E89 /* disconnected_icon@2x.png */ = {isa = PBXFileReference; lastKnownFileType = image.png; path = "disconnected_icon@2x.png"; sourceTree = "<group>"; };
		F86F85871557EC3D001D8E89 /* redball_icon@2x.png */ = {isa = PBXFileReference; lastKnownFileType = image.png; path = "redball_icon@2x.png"; sourceTree = "<group>"; };
		F86F85971558A3AD001D8E89 /* OTOplug.xcodeproj */ = {isa = PBXFileReference; lastKnownFileType = "wrapper.pb-project"; name = OTOplug.xcodeproj; path = "../../../src/obj-c/OTOplug/OTOplug.xcodeproj"; sourceTree = "<group>"; };
		F86F85A41558A3DE001D8E89 /* AVFoundation.framework */ = {isa = PBXFileReference; lastKnownFileType = wrapper.framework; name = AVFoundation.framework; path = System/Library/Frameworks/AVFoundation.framework; sourceTree = SDKROOT; };
		F86F85AC1558B95F001D8E89 /* AudioToolbox.framework */ = {isa = PBXFileReference; lastKnownFileType = wrapper.framework; name = AudioToolbox.framework; path = System/Library/Frameworks/AudioToolbox.framework; sourceTree = SDKROOT; };
/* End PBXFileReference section */

/* Begin PBXFrameworksBuildPhase section */
		F86F854A1557E51D001D8E89 /* Frameworks */ = {
			isa = PBXFrameworksBuildPhase;
			buildActionMask = 2147483647;
			files = (
				F86F85AD1558B95F001D8E89 /* AudioToolbox.framework in Frameworks */,
				F86F85A61558A3F3001D8E89 /* libOTOplug.a in Frameworks */,
				F86F85A51558A3DE001D8E89 /* AVFoundation.framework in Frameworks */,
				F86F85521557E51D001D8E89 /* UIKit.framework in Frameworks */,
				F86F85541557E51D001D8E89 /* Foundation.framework in Frameworks */,
				F86F85561557E51D001D8E89 /* CoreGraphics.framework in Frameworks */,
			);
			runOnlyForDeploymentPostprocessing = 0;
		};
/* End PBXFrameworksBuildPhase section */

/* Begin PBXGroup section */
		F86F85421557E51C001D8E89 = {
			isa = PBXGroup;
			children = (
				F86F85971558A3AD001D8E89 /* OTOplug.xcodeproj */,
				F86F85571557E51D001D8E89 /* OTOswitch */,
				F86F857A1557EB6D001D8E89 /* images */,
				F86F85501557E51D001D8E89 /* Frameworks */,
				F86F854E1557E51D001D8E89 /* Products */,
			);
			sourceTree = "<group>";
		};
		F86F854E1557E51D001D8E89 /* Products */ = {
			isa = PBXGroup;
			children = (
				F86F854D1557E51D001D8E89 /* OTOswitch.app */,
			);
			name = Products;
			sourceTree = "<group>";
		};
		F86F85501557E51D001D8E89 /* Frameworks */ = {
			isa = PBXGroup;
			children = (
				F86F85AC1558B95F001D8E89 /* AudioToolbox.framework */,
				F86F85A41558A3DE001D8E89 /* AVFoundation.framework */,
				F86F85511557E51D001D8E89 /* UIKit.framework */,
				F86F85531557E51D001D8E89 /* Foundation.framework */,
				F86F85551557E51D001D8E89 /* CoreGraphics.framework */,
			);
			name = Frameworks;
			sourceTree = "<group>";
		};
		F86F85571557E51D001D8E89 /* OTOswitch */ = {
			isa = PBXGroup;
			children = (
				F86F85601557E51D001D8E89 /* AppDelegate.h */,
				F86F85611557E51D001D8E89 /* AppDelegate.m */,
				F86F85631557E51D001D8E89 /* MainStoryboard.storyboard */,
				F86F85661557E51D001D8E89 /* ViewController.h */,
				F86F85671557E51D001D8E89 /* ViewController.m */,
				F86F85581557E51D001D8E89 /* Supporting Files */,
			);
			path = OTOswitch;
			sourceTree = "<group>";
		};
		F86F85581557E51D001D8E89 /* Supporting Files */ = {
			isa = PBXGroup;
			children = (
				F86F85591557E51D001D8E89 /* OTOswitch-Info.plist */,
				F86F855A1557E51D001D8E89 /* InfoPlist.strings */,
				F86F855D1557E51D001D8E89 /* main.m */,
				F86F855F1557E51D001D8E89 /* OTOswitch-Prefix.pch */,
			);
			name = "Supporting Files";
			sourceTree = "<group>";
		};
		F86F857A1557EB6D001D8E89 /* images */ = {
			isa = PBXGroup;
			children = (
				F86F85841557EC3C001D8E89 /* blueball_icon@2x.png */,
				F86F85851557EC3C001D8E89 /* connected_icon@2x.png */,
				F86F85861557EC3D001D8E89 /* disconnected_icon@2x.png */,
				F86F85871557EC3D001D8E89 /* redball_icon@2x.png */,
				F86F857B1557EB6D001D8E89 /* blueball_icon.png */,
				F86F857C1557EB6D001D8E89 /* connected_icon.png */,
				F86F857D1557EB6D001D8E89 /* disconnected_icon.png */,
				F86F857E1557EB6D001D8E89 /* redball_icon.png */,
			);
			name = images;
			path = OTOswitch/images;
			sourceTree = "<group>";
		};
		F86F85981558A3AD001D8E89 /* Products */ = {
			isa = PBXGroup;
			children = (
				F86F85A01558A3AD001D8E89 /* libOTOplug.a */,
				F86F85A21558A3AD001D8E89 /* OTOplugLogicTests.octest */,
			);
			name = Products;
			sourceTree = "<group>";
		};
/* End PBXGroup section */

/* Begin PBXNativeTarget section */
		F86F854C1557E51D001D8E89 /* OTOswitch */ = {
			isa = PBXNativeTarget;
			buildConfigurationList = F86F856B1557E51D001D8E89 /* Build configuration list for PBXNativeTarget "OTOswitch" */;
			buildPhases = (
				F86F85491557E51D001D8E89 /* Sources */,
				F86F854A1557E51D001D8E89 /* Frameworks */,
				F86F854B1557E51D001D8E89 /* Resources */,
			);
			buildRules = (
			);
			dependencies = (
			);
			name = OTOswitch;
			productName = OTOswitch;
			productReference = F86F854D1557E51D001D8E89 /* OTOswitch.app */;
			productType = "com.apple.product-type.application";
		};
/* End PBXNativeTarget section */

/* Begin PBXProject section */
		F86F85441557E51C001D8E89 /* Project object */ = {
			isa = PBXProject;
			attributes = {
				LastUpgradeCheck = 0430;
				ORGANIZATIONNAME = "REINFORCE Lab.";
			};
			buildConfigurationList = F86F85471557E51C001D8E89 /* Build configuration list for PBXProject "OTOswitch" */;
			compatibilityVersion = "Xcode 3.2";
			developmentRegion = English;
			hasScannedForEncodings = 0;
			knownRegions = (
				en,
			);
			mainGroup = F86F85421557E51C001D8E89;
			productRefGroup = F86F854E1557E51D001D8E89 /* Products */;
			projectDirPath = "";
			projectReferences = (
				{
					ProductGroup = F86F85981558A3AD001D8E89 /* Products */;
					ProjectRef = F86F85971558A3AD001D8E89 /* OTOplug.xcodeproj */;
				},
			);
			projectRoot = "";
			targets = (
				F86F854C1557E51D001D8E89 /* OTOswitch */,
			);
		};
/* End PBXProject section */

/* Begin PBXReferenceProxy section */
		F86F85A01558A3AD001D8E89 /* libOTOplug.a */ = {
			isa = PBXReferenceProxy;
			fileType = archive.ar;
			path = libOTOplug.a;
			remoteRef = F86F859F1558A3AD001D8E89 /* PBXContainerItemProxy */;
			sourceTree = BUILT_PRODUCTS_DIR;
		};
		F86F85A21558A3AD001D8E89 /* OTOplugLogicTests.octest */ = {
			isa = PBXReferenceProxy;
			fileType = wrapper.cfbundle;
			path = OTOplugLogicTests.octest;
			remoteRef = F86F85A11558A3AD001D8E89 /* PBXContainerItemProxy */;
			sourceTree = BUILT_PRODUCTS_DIR;
		};
/* End PBXReferenceProxy section */

/* Begin PBXResourcesBuildPhase section */
		F86F854B1557E51D001D8E89 /* Resources */ = {
			isa = PBXResourcesBuildPhase;
			buildActionMask = 2147483647;
			files = (
				F86F855C1557E51D001D8E89 /* InfoPlist.strings in Resources */,
				F86F85651557E51D001D8E89 /* MainStoryboard.storyboard in Resources */,
				F86F857F1557EB6D001D8E89 /* blueball_icon.png in Resources */,
				F86F85801557EB6D001D8E89 /* connected_icon.png in Resources */,
				F86F85811557EB6D001D8E89 /* disconnected_icon.png in Resources */,
				F86F85821557EB6D001D8E89 /* redball_icon.png in Resources */,
				F86F85881557EC3D001D8E89 /* blueball_icon@2x.png in Resources */,
				F86F85891557EC3D001D8E89 /* connected_icon@2x.png in Resources */,
				F86F858A1557EC3D001D8E89 /* disconnected_icon@2x.png in Resources */,
				F86F858B1557EC3D001D8E89 /* redball_icon@2x.png in Resources */,
			);
			runOnlyForDeploymentPostprocessing = 0;
		};
/* End PBXResourcesBuildPhase section */

/* Begin PBXSourcesBuildPhase section */
		F86F85491557E51D001D8E89 /* Sources */ = {
			isa = PBXSourcesBuildPhase;
			buildActionMask = 2147483647;
			files = (
				F86F855E1557E51D001D8E89 /* main.m in Sources */,
				F86F85621557E51D001D8E89 /* AppDelegate.m in Sources */,
				F86F85681557E51D001D8E89 /* ViewController.m in Sources */,
			);
			runOnlyForDeploymentPostprocessing = 0;
		};
/* End PBXSourcesBuildPhase section */

/* Begin PBXVariantGroup section */
		F86F855A1557E51D001D8E89 /* InfoPlist.strings */ = {
			isa = PBXVariantGroup;
			children = (
				F86F855B1557E51D001D8E89 /* en */,
			);
			name = InfoPlist.strings;
			sourceTree = "<group>";
		};
		F86F85631557E51D001D8E89 /* MainStoryboard.storyboard */ = {
			isa = PBXVariantGroup;
			children = (
				F86F85641557E51D001D8E89 /* en */,
			);
			name = MainStoryboard.storyboard;
			sourceTree = "<group>";
		};
/* End PBXVariantGroup section */

/* Begin XCBuildConfiguration section */
		F86F85691557E51D001D8E89 /* Debug */ = {
			isa = XCBuildConfiguration;
			buildSettings = {
				ALWAYS_SEARCH_USER_PATHS = NO;
				ARCHS = "$(ARCHS_STANDARD_32_BIT)";
				CLANG_ENABLE_OBJC_ARC = YES;
				"CODE_SIGN_IDENTITY[sdk=iphoneos*]" = "iPhone Developer";
				COPY_PHASE_STRIP = NO;
				GCC_C_LANGUAGE_STANDARD = gnu99;
				GCC_DYNAMIC_NO_PIC = NO;
				GCC_OPTIMIZATION_LEVEL = 0;
				GCC_PREPROCESSOR_DEFINITIONS = (
					"DEBUG=1",
					"$(inherited)",
				);
				GCC_SYMBOLS_PRIVATE_EXTERN = NO;
				GCC_VERSION = com.apple.compilers.llvm.clang.1_0;
				GCC_WARN_ABOUT_RETURN_TYPE = YES;
				GCC_WARN_UNINITIALIZED_AUTOS = YES;
				GCC_WARN_UNUSED_VARIABLE = YES;
				IPHONEOS_DEPLOYMENT_TARGET = 5.1;
				SDKROOT = iphoneos;
				USER_HEADER_SEARCH_PATHS = "../../../src/obj-c/OTOplug/**";
			};
			name = Debug;
		};
		F86F856A1557E51D001D8E89 /* Release */ = {
			isa = XCBuildConfiguration;
			buildSettings = {
				ALWAYS_SEARCH_USER_PATHS = NO;
				ARCHS = "$(ARCHS_STANDARD_32_BIT)";
				CLANG_ENABLE_OBJC_ARC = YES;
				"CODE_SIGN_IDENTITY[sdk=iphoneos*]" = "iPhone Developer";
				COPY_PHASE_STRIP = YES;
				GCC_C_LANGUAGE_STANDARD = gnu99;
				GCC_VERSION = com.apple.compilers.llvm.clang.1_0;
				GCC_WARN_ABOUT_RETURN_TYPE = YES;
				GCC_WARN_UNINITIALIZED_AUTOS = YES;
				GCC_WARN_UNUSED_VARIABLE = YES;
				IPHONEOS_DEPLOYMENT_TARGET = 5.1;
				OTHER_CFLAGS = "-DNS_BLOCK_ASSERTIONS=1";
				SDKROOT = iphoneos;
				USER_HEADER_SEARCH_PATHS = "../../../src/obj-c/OTOplug/**";
				VALIDATE_PRODUCT = YES;
			};
			name = Release;
		};
		F86F856C1557E51D001D8E89 /* Debug */ = {
			isa = XCBuildConfiguration;
			buildSettings = {
				GCC_PRECOMPILE_PREFIX_HEADER = YES;
				GCC_PREFIX_HEADER = "OTOswitch/OTOswitch-Prefix.pch";
				INFOPLIST_FILE = "OTOswitch/OTOswitch-Info.plist";
				PRODUCT_NAME = "$(TARGET_NAME)";
				WRAPPER_EXTENSION = app;
			};
			name = Debug;
		};
		F86F856D1557E51D001D8E89 /* Release */ = {
			isa = XCBuildConfiguration;
			buildSettings = {
				GCC_PRECOMPILE_PREFIX_HEADER = YES;
				GCC_PREFIX_HEADER = "OTOswitch/OTOswitch-Prefix.pch";
				INFOPLIST_FILE = "OTOswitch/OTOswitch-Info.plist";
				PRODUCT_NAME = "$(TARGET_NAME)";
				WRAPPER_EXTENSION = app;
			};
			name = Release;
		};
/* End XCBuildConfiguration section */

/* Begin XCConfigurationList section */
		F86F85471557E51C001D8E89 /* Build configuration list for PBXProject "OTOswitch" */ = {
			isa = XCConfigurationList;
			buildConfigurations = (
				F86F85691557E51D001D8E89 /* Debug */,
				F86F856A1557E51D001D8E89 /* Release */,
			);
			defaultConfigurationIsVisible = 0;
			defaultConfigurationName = Release;
		};
		F86F856B1557E51D001D8E89 /* Build configuration list for PBXNativeTarget "OTOswitch" */ = {
			isa = XCConfigurationList;
			buildConfigurations = (
				F86F856C1557E51D001D8E89 /* Debug */,
				F86F856D1557E51D001D8E89 /* Release */,
			);
			defaultConfigurationIsVisible = 0;
			defaultConfigurationName = Release;
		};
/* End XCConfigurationList section */
	};
	rootObject = F86F85441557E51C001D8E89 /* Project object */;
}
